// !$*UTF8*$!
{
	archiveVersion = 1;
	classes = {
	};
	objectVersion = 46;
	objects = {

/* Begin PBXBuildFile section */
		BB0B553E1306804800C83953 /* UIKit.framework in Frameworks */ = {isa = PBXBuildFile; fileRef = BB0B553D1306804800C83953 /* UIKit.framework */; };
		BB0B55401306804800C83953 /* Foundation.framework in Frameworks */ = {isa = PBXBuildFile; fileRef = BB0B553F1306804800C83953 /* Foundation.framework */; };
		BB0B55421306804800C83953 /* CoreGraphics.framework in Frameworks */ = {isa = PBXBuildFile; fileRef = BB0B55411306804800C83953 /* CoreGraphics.framework */; };
		BB0B55481306804800C83953 /* InfoPlist.strings in Resources */ = {isa = PBXBuildFile; fileRef = BB0B55461306804800C83953 /* InfoPlist.strings */; };
		BB0B554B1306804800C83953 /* main.m in Sources */ = {isa = PBXBuildFile; fileRef = BB0B554A1306804800C83953 /* main.m */; };
		BB0B554E1306804800C83953 /* TO21DaysAppDelegate.m in Sources */ = {isa = PBXBuildFile; fileRef = BB0B554D1306804800C83953 /* TO21DaysAppDelegate.m */; };
		BB0B55511306804800C83953 /* MainWindow.xib in Resources */ = {isa = PBXBuildFile; fileRef = BB0B554F1306804800C83953 /* MainWindow.xib */; };
/* End PBXBuildFile section */

/* Begin PBXFileReference section */
		BB0B55391306804800C83953 /* 21 Days.app */ = {isa = PBXFileReference; explicitFileType = wrapper.application; includeInIndex = 0; path = "21 Days.app"; sourceTree = BUILT_PRODUCTS_DIR; };
		BB0B553D1306804800C83953 /* UIKit.framework */ = {isa = PBXFileReference; lastKnownFileType = wrapper.framework; name = UIKit.framework; path = System/Library/Frameworks/UIKit.framework; sourceTree = SDKROOT; };
		BB0B553F1306804800C83953 /* Foundation.framework */ = {isa = PBXFileReference; lastKnownFileType = wrapper.framework; name = Foundation.framework; path = System/Library/Frameworks/Foundation.framework; sourceTree = SDKROOT; };
		BB0B55411306804800C83953 /* CoreGraphics.framework */ = {isa = PBXFileReference; lastKnownFileType = wrapper.framework; name = CoreGraphics.framework; path = System/Library/Frameworks/CoreGraphics.framework; sourceTree = SDKROOT; };
		BB0B55451306804800C83953 /* TO21Days-Info.plist */ = {isa = PBXFileReference; lastKnownFileType = text.plist.xml; path = "TO21Days-Info.plist"; sourceTree = "<group>"; };
		BB0B55471306804800C83953 /* en */ = {isa = PBXFileReference; lastKnownFileType = text.plist.strings; name = en; path = en.lproj/InfoPlist.strings; sourceTree = "<group>"; };
		BB0B55491306804800C83953 /* TO21Days-Prefix.pch */ = {isa = PBXFileReference; lastKnownFileType = sourcecode.c.h; path = "TO21Days-Prefix.pch"; sourceTree = "<group>"; };
		BB0B554A1306804800C83953 /* main.m */ = {isa = PBXFileReference; lastKnownFileType = sourcecode.c.objc; path = main.m; sourceTree = "<group>"; };
		BB0B554C1306804800C83953 /* TO21DaysAppDelegate.h */ = {isa = PBXFileReference; lastKnownFileType = sourcecode.c.h; path = TO21DaysAppDelegate.h; sourceTree = "<group>"; };
		BB0B554D1306804800C83953 /* TO21DaysAppDelegate.m */ = {isa = PBXFileReference; lastKnownFileType = sourcecode.c.objc; path = TO21DaysAppDelegate.m; sourceTree = "<group>"; };
		BB0B55501306804800C83953 /* en */ = {isa = PBXFileReference; lastKnownFileType = file.xib; name = en; path = en.lproj/MainWindow.xib; sourceTree = "<group>"; };
/* End PBXFileReference section */

/* Begin PBXFrameworksBuildPhase section */
		BB0B55361306804800C83953 /* Frameworks */ = {
			isa = PBXFrameworksBuildPhase;
			buildActionMask = 2147483647;
			files = (
				BB0B553E1306804800C83953 /* UIKit.framework in Frameworks */,
				BB0B55401306804800C83953 /* Foundation.framework in Frameworks */,
				BB0B55421306804800C83953 /* CoreGraphics.framework in Frameworks */,
			);
			runOnlyForDeploymentPostprocessing = 0;
		};
/* End PBXFrameworksBuildPhase section */

/* Begin PBXGroup section */
		BB0B552E1306804800C83953 = {
			isa = PBXGroup;
			children = (
				BB0B55431306804800C83953 /* 21 Days */,
				BB0B553C1306804800C83953 /* Frameworks */,
				BB0B553A1306804800C83953 /* Products */,
			);
			sourceTree = "<group>";
		};
		BB0B553A1306804800C83953 /* Products */ = {
			isa = PBXGroup;
			children = (
				BB0B55391306804800C83953 /* 21 Days.app */,
			);
			name = Products;
			sourceTree = "<group>";
		};
		BB0B553C1306804800C83953 /* Frameworks */ = {
			isa = PBXGroup;
			children = (
				BB0B553D1306804800C83953 /* UIKit.framework */,
				BB0B553F1306804800C83953 /* Foundation.framework */,
				BB0B55411306804800C83953 /* CoreGraphics.framework */,
			);
			name = Frameworks;
			sourceTree = "<group>";
		};
		BB0B55431306804800C83953 /* 21 Days */ = {
			isa = PBXGroup;
			children = (
				BB0B554C1306804800C83953 /* TO21DaysAppDelegate.h */,
				BB0B554D1306804800C83953 /* TO21DaysAppDelegate.m */,
				BB0B554F1306804800C83953 /* MainWindow.xib */,
				BB0B55441306804800C83953 /* Supporting Files */,
			);
			path = "21 Days";
			sourceTree = "<group>";
		};
		BB0B55441306804800C83953 /* Supporting Files */ = {
			isa = PBXGroup;
			children = (
				BB0B55451306804800C83953 /* TO21Days-Info.plist */,
				BB0B55461306804800C83953 /* InfoPlist.strings */,
				BB0B55491306804800C83953 /* TO21Days-Prefix.pch */,
				BB0B554A1306804800C83953 /* main.m */,
			);
			name = "Supporting Files";
			sourceTree = "<group>";
		};
/* End PBXGroup section */

/* Begin PBXNativeTarget section */
		BB0B55381306804800C83953 /* 21 Days */ = {
			isa = PBXNativeTarget;
			buildConfigurationList = BB0B55541306804800C83953 /* Build configuration list for PBXNativeTarget "21 Days" */;
			buildPhases = (
				BB0B55351306804800C83953 /* Sources */,
				BB0B55361306804800C83953 /* Frameworks */,
				BB0B55371306804800C83953 /* Resources */,
			);
			buildRules = (
			);
			dependencies = (
			);
			name = "21 Days";
			productName = "21 Days";
			productReference = BB0B55391306804800C83953 /* 21 Days.app */;
			productType = "com.apple.product-type.application";
		};
/* End PBXNativeTarget section */

/* Begin PBXProject section */
		BB0B55301306804800C83953 /* Project object */ = {
			isa = PBXProject;
			attributes = {
				ORGANIZATIONNAME = EskoArtwork;
			};
			buildConfigurationList = BB0B55331306804800C83953 /* Build configuration list for PBXProject "21 Days" */;
			compatibilityVersion = "Xcode 3.2";
			developmentRegion = English;
			hasScannedForEncodings = 0;
			knownRegions = (
				en,
			);
			mainGroup = BB0B552E1306804800C83953;
			productRefGroup = BB0B553A1306804800C83953 /* Products */;
			projectDirPath = "";
			projectRoot = "";
			targets = (
				BB0B55381306804800C83953 /* 21 Days */,
			);
		};
/* End PBXProject section */

/* Begin PBXResourcesBuildPhase section */
		BB0B55371306804800C83953 /* Resources */ = {
			isa = PBXResourcesBuildPhase;
			buildActionMask = 2147483647;
			files = (
				BB0B55481306804800C83953 /* InfoPlist.strings in Resources */,
				BB0B55511306804800C83953 /* MainWindow.xib in Resources */,
			);
			runOnlyForDeploymentPostprocessing = 0;
		};
/* End PBXResourcesBuildPhase section */

/* Begin PBXSourcesBuildPhase section */
		BB0B55351306804800C83953 /* Sources */ = {
			isa = PBXSourcesBuildPhase;
			buildActionMask = 2147483647;
			files = (
				BB0B554B1306804800C83953 /* main.m in Sources */,
				BB0B554E1306804800C83953 /* TO21DaysAppDelegate.m in Sources */,
			);
			runOnlyForDeploymentPostprocessing = 0;
		};
/* End PBXSourcesBuildPhase section */

/* Begin PBXVariantGroup section */
		BB0B55461306804800C83953 /* InfoPlist.strings */ = {
			isa = PBXVariantGroup;
			children = (
				BB0B55471306804800C83953 /* en */,
			);
			name = InfoPlist.strings;
			sourceTree = "<group>";
		};
		BB0B554F1306804800C83953 /* MainWindow.xib */ = {
			isa = PBXVariantGroup;
			children = (
				BB0B55501306804800C83953 /* en */,
			);
			name = MainWindow.xib;
			sourceTree = "<group>";
		};
/* End PBXVariantGroup section */

/* Begin XCBuildConfiguration section */
		BB0B55521306804800C83953 /* Debug */ = {
			isa = XCBuildConfiguration;
			buildSettings = {
				ARCHS = "$(ARCHS_STANDARD_32_BIT)";
				"CODE_SIGN_IDENTITY[sdk=iphoneos*]" = "iPhone Developer";
				GCC_C_LANGUAGE_STANDARD = gnu99;
				GCC_OPTIMIZATION_LEVEL = 0;
				GCC_PREPROCESSOR_DEFINITIONS = DEBUG;
				GCC_VERSION = com.apple.compilers.llvmgcc42;
				GCC_WARN_ABOUT_RETURN_TYPE = YES;
				GCC_WARN_UNUSED_VARIABLE = YES;
				IPHONEOS_DEPLOYMENT_TARGET = 4.2;
				SDKROOT = iphoneos;
			};
			name = Debug;
		};
		BB0B55531306804800C83953 /* Release */ = {
			isa = XCBuildConfiguration;
			buildSettings = {
				ARCHS = "$(ARCHS_STANDARD_32_BIT)";
				"CODE_SIGN_IDENTITY[sdk=iphoneos*]" = "iPhone Developer";
				GCC_C_LANGUAGE_STANDARD = gnu99;
				GCC_VERSION = com.apple.compilers.llvmgcc42;
				GCC_WARN_ABOUT_RETURN_TYPE = YES;
				GCC_WARN_UNUSED_VARIABLE = YES;
				IPHONEOS_DEPLOYMENT_TARGET = 4.2;
				OTHER_CFLAGS = "-DNS_BLOCK_ASSERTIONS=1";
				SDKROOT = iphoneos;
			};
			name = Release;
		};
		BB0B55551306804800C83953 /* Debug */ = {
			isa = XCBuildConfiguration;
			buildSettings = {
				ALWAYS_SEARCH_USER_PATHS = NO;
				COPY_PHASE_STRIP = NO;
				GCC_DYNAMIC_NO_PIC = NO;
				GCC_PRECOMPILE_PREFIX_HEADER = YES;
				GCC_PREFIX_HEADER = "21 Days/TO21Days-Prefix.pch";
				INFOPLIST_FILE = "21 Days/TO21Days-Info.plist";
				INSTALL_PATH = "$(LOCAL_APPS_DIR)";
				PRODUCT_NAME = "$(TARGET_NAME)";
				WRAPPER_EXTENSION = app;
			};
			name = Debug;
		};
		BB0B55561306804800C83953 /* Release */ = {
			isa = XCBuildConfiguration;
			buildSettings = {
				ALWAYS_SEARCH_USER_PATHS = NO;
				COPY_PHASE_STRIP = YES;
				GCC_PRECOMPILE_PREFIX_HEADER = YES;
				GCC_PREFIX_HEADER = "21 Days/TO21Days-Prefix.pch";
				INFOPLIST_FILE = "21 Days/TO21Days-Info.plist";
				INSTALL_PATH = "$(LOCAL_APPS_DIR)";
				PRODUCT_NAME = "$(TARGET_NAME)";
				VALIDATE_PRODUCT = YES;
				WRAPPER_EXTENSION = app;
			};
			name = Release;
		};
/* End XCBuildConfiguration section */

/* Begin XCConfigurationList section */
		BB0B55331306804800C83953 /* Build configuration list for PBXProject "21 Days" */ = {
			isa = XCConfigurationList;
			buildConfigurations = (
				BB0B55521306804800C83953 /* Debug */,
				BB0B55531306804800C83953 /* Release */,
			);
			defaultConfigurationIsVisible = 0;
			defaultConfigurationName = Release;
		};
		BB0B55541306804800C83953 /* Build configuration list for PBXNativeTarget "21 Days" */ = {
			isa = XCConfigurationList;
			buildConfigurations = (
				BB0B55551306804800C83953 /* Debug */,
				BB0B55561306804800C83953 /* Release */,
			);
			defaultConfigurationIsVisible = 0;
		};
/* End XCConfigurationList section */
	};
	rootObject = BB0B55301306804800C83953 /* Project object */;
}
